dependencies:
- name: opentelemetry-collector
  repository: https://open-telemetry.github.io/opentelemetry-helm-charts
  version: 0.106.1
- name: solr
  repository: https://charts.bitnami.com/bitnami
  version: 9.3.10
digest: sha256:81092efafc4ef8129804ecf1ab22f058e70465b89a4306d41f0c38258dac7bc8
generated: "2025-01-13T14:28:02.179713594Z"
